
Microsoft Visual Studio Solution File, Format Version 12.00
# Visual Studio Version 17
VisualStudioVersion = 17.7.34202.233
MinimumVisualStudioVersion = 10.0.40219.1
Project("{FAE04EC0-301F-11D3-BF4B-00C04F79EFBC}") = "Flavorique Web App", "Flavorique Web App\Flavorique Web App.csproj", "{DFA7F364-1AB1-4958-8368-AF1700830798}"
EndProject
Global
	GlobalSection(SolutionConfigurationPlatforms) = preSolution
		Debug|Any CPU = Debug|Any CPU
		Release|Any CPU = Release|Any CPU
	EndGlobalSection
	GlobalSection(ProjectConfigurationPlatforms) = postSolution
		{DFA7F364-1AB1-4958-8368-AF1700830798}.Debug|Any CPU.ActiveCfg = Debug|Any CPU
		{DFA7F364-1AB1-4958-8368-AF1700830798}.Debug|Any CPU.Build.0 = Debug|Any CPU
		{DFA7F364-1AB1-4958-8368-AF1700830798}.Release|Any CPU.ActiveCfg = Release|Any CPU
		{DFA7F364-1AB1-4958-8368-AF1700830798}.Release|Any CPU.Build.0 = Release|Any CPU
	EndGlobalSection
	GlobalSection(SolutionProperties) = preSolution
		HideSolutionNode = FALSE
	EndGlobalSection
	GlobalSection(ExtensibilityGlobals) = postSolution
		SolutionGuid = {F9171CE1-1184-4C7D-9A1F-CE34D0AB132C}
	EndGlobalSection
EndGlobal
